
Microsoft Visual Studio Solution File, Format Version 12.00
# Visual Studio Version 17
VisualStudioVersion = 17.9.34728.123
MinimumVisualStudioVersion = 10.0.40219.1
Project("{2150E333-8FDC-42A3-9474-1A3956D46DE8}") = "src", "src", "{CABD2E58-530C-46C3-A557-D49289BA7DDE}"
EndProject
Project("{2150E333-8FDC-42A3-9474-1A3956D46DE8}") = "test", "test", "{4AFCBBFD-FA9C-4ED3-BC3C-CDB0260F7C70}"
EndProject
Project("{2150E333-8FDC-42A3-9474-1A3956D46DE8}") = "API", "API", "{679D4D6F-D44A-44B3-9359-8B5D24B040D9}"
EndProject
Project("{2150E333-8FDC-42A3-9474-1A3956D46DE8}") = "Core", "Core", "{C81B899D-77A5-4471-A91C-B12BC31A3D55}"
EndProject
Project("{2150E333-8FDC-42A3-9474-1A3956D46DE8}") = "Infrastructure", "Infrastructure", "{D7744873-B320-452B-B75C-193641F05303}"
EndProject
Project("{2150E333-8FDC-42A3-9474-1A3956D46DE8}") = "UI", "UI", "{0A56C9F7-AFEA-41BC-93C2-0457EB8DB9A2}"
EndProject
Project("{9A19103F-16F7-4668-BE54-9A1E7A4F7556}") = "Ticket.TicketManagement.Domain", "src\Core\Ticket.TicketManagement.Domain\Ticket.TicketManagement.Domain.csproj", "{F9E8510B-E1C1-4579-86E3-FAD9190EA672}"
EndProject
Project("{9A19103F-16F7-4668-BE54-9A1E7A4F7556}") = "Ticket.TicketManagement.Application", "src\Core\Ticket.TicketManagement.Application\Ticket.TicketManagement.Application.csproj", "{07D45F1B-FE08-4539-AB3C-C1DB7445F8E3}"
EndProject
Project("{9A19103F-16F7-4668-BE54-9A1E7A4F7556}") = "Ticket.TicketManagement.Persistence", "src\Infrastructure\Ticket.TicketManagement.Persistence\Ticket.TicketManagement.Persistence.csproj", "{7B5E505D-A7D6-48BD-AC5A-F2CEF0A9FEF3}"
EndProject
Project("{9A19103F-16F7-4668-BE54-9A1E7A4F7556}") = "Ticket.TicketManagement.Infrastructure", "src\Infrastructure\Ticket.TicketManagement.Infrastructure\Ticket.TicketManagement.Infrastructure.csproj", "{5AB0F81D-2C11-46F4-84A8-EF838ED9AB94}"
EndProject
Project("{9A19103F-16F7-4668-BE54-9A1E7A4F7556}") = "Ticket.Ticketmanagement.Api", "src\API\Ticket.Ticketmanagement.Api\Ticket.Ticketmanagement.Api.csproj", "{B98B7FF7-C5A8-47D7-87B2-BF5F7DFA0643}"
EndProject
Project("{FAE04EC0-301F-11D3-BF4B-00C04F79EFBC}") = "Ticket.Ticketmanagement.UnitTests", "test\Ticket.Ticketmanagement.UnitTests\Ticket.Ticketmanagement.UnitTests.csproj", "{D867BE2D-1750-4CBB-A794-58E6C92D4337}"
EndProject
Global
	GlobalSection(SolutionConfigurationPlatforms) = preSolution
		Debug|Any CPU = Debug|Any CPU
		Release|Any CPU = Release|Any CPU
	EndGlobalSection
	GlobalSection(ProjectConfigurationPlatforms) = postSolution
		{F9E8510B-E1C1-4579-86E3-FAD9190EA672}.Debug|Any CPU.ActiveCfg = Debug|Any CPU
		{F9E8510B-E1C1-4579-86E3-FAD9190EA672}.Debug|Any CPU.Build.0 = Debug|Any CPU
		{F9E8510B-E1C1-4579-86E3-FAD9190EA672}.Release|Any CPU.ActiveCfg = Release|Any CPU
		{F9E8510B-E1C1-4579-86E3-FAD9190EA672}.Release|Any CPU.Build.0 = Release|Any CPU
		{07D45F1B-FE08-4539-AB3C-C1DB7445F8E3}.Debug|Any CPU.ActiveCfg = Debug|Any CPU
		{07D45F1B-FE08-4539-AB3C-C1DB7445F8E3}.Debug|Any CPU.Build.0 = Debug|Any CPU
		{07D45F1B-FE08-4539-AB3C-C1DB7445F8E3}.Release|Any CPU.ActiveCfg = Release|Any CPU
		{07D45F1B-FE08-4539-AB3C-C1DB7445F8E3}.Release|Any CPU.Build.0 = Release|Any CPU
		{7B5E505D-A7D6-48BD-AC5A-F2CEF0A9FEF3}.Debug|Any CPU.ActiveCfg = Debug|Any CPU
		{7B5E505D-A7D6-48BD-AC5A-F2CEF0A9FEF3}.Debug|Any CPU.Build.0 = Debug|Any CPU
		{7B5E505D-A7D6-48BD-AC5A-F2CEF0A9FEF3}.Release|Any CPU.ActiveCfg = Release|Any CPU
		{7B5E505D-A7D6-48BD-AC5A-F2CEF0A9FEF3}.Release|Any CPU.Build.0 = Release|Any CPU
		{5AB0F81D-2C11-46F4-84A8-EF838ED9AB94}.Debug|Any CPU.ActiveCfg = Debug|Any CPU
		{5AB0F81D-2C11-46F4-84A8-EF838ED9AB94}.Debug|Any CPU.Build.0 = Debug|Any CPU
		{5AB0F81D-2C11-46F4-84A8-EF838ED9AB94}.Release|Any CPU.ActiveCfg = Release|Any CPU
		{5AB0F81D-2C11-46F4-84A8-EF838ED9AB94}.Release|Any CPU.Build.0 = Release|Any CPU
		{B98B7FF7-C5A8-47D7-87B2-BF5F7DFA0643}.Debug|Any CPU.ActiveCfg = Debug|Any CPU
		{B98B7FF7-C5A8-47D7-87B2-BF5F7DFA0643}.Debug|Any CPU.Build.0 = Debug|Any CPU
		{B98B7FF7-C5A8-47D7-87B2-BF5F7DFA0643}.Release|Any CPU.ActiveCfg = Release|Any CPU
		{B98B7FF7-C5A8-47D7-87B2-BF5F7DFA0643}.Release|Any CPU.Build.0 = Release|Any CPU
		{D867BE2D-1750-4CBB-A794-58E6C92D4337}.Debug|Any CPU.ActiveCfg = Debug|Any CPU
		{D867BE2D-1750-4CBB-A794-58E6C92D4337}.Debug|Any CPU.Build.0 = Debug|Any CPU
		{D867BE2D-1750-4CBB-A794-58E6C92D4337}.Release|Any CPU.ActiveCfg = Release|Any CPU
		{D867BE2D-1750-4CBB-A794-58E6C92D4337}.Release|Any CPU.Build.0 = Release|Any CPU
	EndGlobalSection
	GlobalSection(SolutionProperties) = preSolution
		HideSolutionNode = FALSE
	EndGlobalSection
	GlobalSection(NestedProjects) = preSolution
		{679D4D6F-D44A-44B3-9359-8B5D24B040D9} = {CABD2E58-530C-46C3-A557-D49289BA7DDE}
		{C81B899D-77A5-4471-A91C-B12BC31A3D55} = {CABD2E58-530C-46C3-A557-D49289BA7DDE}
		{D7744873-B320-452B-B75C-193641F05303} = {CABD2E58-530C-46C3-A557-D49289BA7DDE}
		{0A56C9F7-AFEA-41BC-93C2-0457EB8DB9A2} = {CABD2E58-530C-46C3-A557-D49289BA7DDE}
		{F9E8510B-E1C1-4579-86E3-FAD9190EA672} = {C81B899D-77A5-4471-A91C-B12BC31A3D55}
		{07D45F1B-FE08-4539-AB3C-C1DB7445F8E3} = {C81B899D-77A5-4471-A91C-B12BC31A3D55}
		{7B5E505D-A7D6-48BD-AC5A-F2CEF0A9FEF3} = {D7744873-B320-452B-B75C-193641F05303}
		{5AB0F81D-2C11-46F4-84A8-EF838ED9AB94} = {D7744873-B320-452B-B75C-193641F05303}
		{B98B7FF7-C5A8-47D7-87B2-BF5F7DFA0643} = {679D4D6F-D44A-44B3-9359-8B5D24B040D9}
		{D867BE2D-1750-4CBB-A794-58E6C92D4337} = {4AFCBBFD-FA9C-4ED3-BC3C-CDB0260F7C70}
	EndGlobalSection
	GlobalSection(ExtensibilityGlobals) = postSolution
		SolutionGuid = {CFB6F7C8-8778-4A59-9909-F4F1BACF331C}
	EndGlobalSection
EndGlobal
